
Microsoft Visual Studio Solution File, Format Version 12.00
# Visual Studio Version 17
VisualStudioVersion = 17.4.33205.214
MinimumVisualStudioVersion = 10.0.40219.1
Project("{FAE04EC0-301F-11D3-BF4B-00C04F79EFBC}") = "LoginUniSur", "LoginUniSur.csproj", "{D2CCCF3F-F089-4C33-B56A-39BC915E1E29}"
EndProject
Global
	GlobalSection(SolutionConfigurationPlatforms) = preSolution
		Debug|Any CPU = Debug|Any CPU
		Release|Any CPU = Release|Any CPU
	EndGlobalSection
	GlobalSection(ProjectConfigurationPlatforms) = postSolution
		{D2CCCF3F-F089-4C33-B56A-39BC915E1E29}.Debug|Any CPU.ActiveCfg = Debug|Any CPU
		{D2CCCF3F-F089-4C33-B56A-39BC915E1E29}.Debug|Any CPU.Build.0 = Debug|Any CPU
		{D2CCCF3F-F089-4C33-B56A-39BC915E1E29}.Release|Any CPU.ActiveCfg = Release|Any CPU
		{D2CCCF3F-F089-4C33-B56A-39BC915E1E29}.Release|Any CPU.Build.0 = Release|Any CPU
	EndGlobalSection
	GlobalSection(SolutionProperties) = preSolution
		HideSolutionNode = FALSE
	EndGlobalSection
	GlobalSection(ExtensibilityGlobals) = postSolution
		SolutionGuid = {E7514D36-700E-4FCB-A95B-213CDDF5858B}
	EndGlobalSection
EndGlobal
